dependencies:
  bblanchon/arduinojson:
    component_hash: 5e6aff2bc5bc988b36c8e90c01e637495ee895ad3af93911860c21ec6da79b6a
    dependencies: []
    source:
      registry_url: https://components.espressif.com/
      type: service
    version: 7.4.3
  idf:
    source:
      type: idf
    version: 6.0.2
direct_dependencies:
- bblanchon/arduinojson
- idf
manifest_hash: d3af2d52f144f915236b28f0eabe729af65873c93c0ce9ce32f4a6e3e08ae852
target: esp32s3
version: 3.0.0
